{
  "version": 4,
  "terraform_version": "1.9.7",
  "serial": 43,
  "lineage": "6c66c299-c4dd-5a86-5a5d-21c407d8d7c7",
  "outputs": {},
  "resources": [
    {
      "mode": "managed",
      "type": "helm_release",
      "name": "grafana",
      "provider": "provider[\"registry.terraform.io/hashicorp/helm\"]",
      "instances": [
        {
          "status": "tainted",
          "schema_version": 1,
          "attributes": {
            "atomic": false,
            "chart": "grafana",
            "cleanup_on_fail": false,
            "create_namespace": false,
            "dependency_update": false,
            "description": null,
            "devel": null,
            "disable_crd_hooks": false,
            "disable_openapi_validation": false,
            "disable_webhooks": false,
            "force_update": false,
            "id": "grafana",
            "keyring": null,
            "lint": false,
            "manifest": null,
            "max_history": 0,
            "metadata": [
              {
                "app_version": "9.3.8",
                "chart": "grafana",
                "first_deployed": 1728915800,
                "last_deployed": 1728915800,
                "name": "grafana",
                "namespace": "monitoring",
                "notes": "1. Get your 'admin' user password by running:\n\n   kubectl get secret --namespace monitoring grafana -o jsonpath=\"{.data.admin-password}\" | base64 --decode ; echo\n\n\n2. The Grafana server can be accessed via port 80 on the following DNS name from within your cluster:\n\n   grafana.monitoring.svc.cluster.local\n\n   Get the Grafana URL to visit by running these commands in the same shell:\n   NOTE: It may take a few minutes for the LoadBalancer IP to be available.\n        You can watch the status of by running 'kubectl get svc --namespace monitoring -w grafana'\n     export SERVICE_IP=$(kubectl get svc --namespace monitoring grafana -o jsonpath='{.status.loadBalancer.ingress[0].ip}')\n     http://$SERVICE_IP:80\n\n3. Login with the password from step 1 and the username: admin\n#################################################################################\n######   WARNING: Persistence is disabled!!! You will lose your data when   #####\n######            the Grafana pod is terminated.                            #####\n#################################################################################\n",
                "revision": 1,
                "values": "{\"adminPassword\":\"admin\",\"persistence\":{\"enabled\":false},\"readinessProbe\":{\"enabled\":true,\"failureThreshold\":3,\"httpGet\":{\"path\":\"/api/health\",\"port\":3000},\"initialDelaySeconds\":30,\"periodSeconds\":10,\"successThreshold\":1,\"timeoutSeconds\":5},\"service\":{\"type\":\"LoadBalancer\"}}",
                "version": "6.51.5"
              }
            ],
            "name": "grafana",
            "namespace": "monitoring",
            "pass_credentials": false,
            "postrender": [],
            "recreate_pods": false,
            "render_subchart_notes": true,
            "replace": false,
            "repository": "https://grafana.github.io/helm-charts",
            "repository_ca_file": null,
            "repository_cert_file": null,
            "repository_key_file": null,
            "repository_password": null,
            "repository_username": null,
            "reset_values": false,
            "reuse_values": false,
            "set": [
              {
                "name": "adminPassword",
                "type": "",
                "value": "admin"
              },
              {
                "name": "persistence.enabled",
                "type": "",
                "value": "false"
              },
              {
                "name": "readinessProbe.enabled",
                "type": "",
                "value": "true"
              },
              {
                "name": "readinessProbe.failureThreshold",
                "type": "",
                "value": "3"
              },
              {
                "name": "readinessProbe.httpGet.path",
                "type": "",
                "value": "/api/health"
              },
              {
                "name": "readinessProbe.httpGet.port",
                "type": "",
                "value": "3000"
              },
              {
                "name": "readinessProbe.initialDelaySeconds",
                "type": "",
                "value": "30"
              },
              {
                "name": "readinessProbe.periodSeconds",
                "type": "",
                "value": "10"
              },
              {
                "name": "readinessProbe.successThreshold",
                "type": "",
                "value": "1"
              },
              {
                "name": "readinessProbe.timeoutSeconds",
                "type": "",
                "value": "5"
              },
              {
                "name": "service.type",
                "type": "",
                "value": "LoadBalancer"
              }
            ],
            "set_list": [],
            "set_sensitive": [],
            "skip_crds": false,
            "status": "failed",
            "timeout": 300,
            "upgrade_install": null,
            "values": null,
            "verify": false,
            "version": "6.51.5",
            "wait": true,
            "wait_for_jobs": false
          },
          "sensitive_attributes": [
            [
              {
                "type": "get_attr",
                "value": "repository_password"
              }
            ]
          ],
          "private": "eyJzY2hlbWFfdmVyc2lvbiI6IjEifQ==",
          "dependencies": [
            "kubernetes_namespace.monitoring"
          ]
        }
      ]
    },
    {
      "mode": "managed",
      "type": "helm_release",
      "name": "prometheus",
      "provider": "provider[\"registry.terraform.io/hashicorp/helm\"]",
      "instances": [
        {
          "schema_version": 1,
          "attributes": {
            "atomic": false,
            "chart": "kube-prometheus-stack",
            "cleanup_on_fail": false,
            "create_namespace": false,
            "dependency_update": false,
            "description": null,
            "devel": null,
            "disable_crd_hooks": false,
            "disable_openapi_validation": false,
            "disable_webhooks": false,
            "force_update": false,
            "id": "prometheus",
            "keyring": null,
            "lint": false,
            "manifest": null,
            "max_history": 0,
            "metadata": [
              {
                "app_version": "v0.63.0",
                "chart": "kube-prometheus-stack",
                "first_deployed": 1728914648,
                "last_deployed": 1728915800,
                "name": "prometheus",
                "namespace": "monitoring",
                "notes": "kube-state-metrics is a simple service that listens to the Kubernetes API server and generates metrics about the state of the objects.\nThe exposed metrics can be found here:\nhttps://github.com/kubernetes/kube-state-metrics/blob/master/docs/README.md#exposed-metrics\n\nThe metrics are exported on the HTTP endpoint /metrics on the listening port.\nIn your case, prometheus-kube-state-metrics.monitoring.svc.cluster.local:8080/metrics\n\nThey are served either as plaintext or protobuf depending on the Accept header.\nThey are designed to be consumed either by Prometheus itself or by a scraper that is compatible with scraping a Prometheus client endpoint.\n\n1. Get the application URL by running these commands:\n  export POD_NAME=$(kubectl get pods --namespace monitoring -l \"app.kubernetes.io/name=prometheus-node-exporter,app.kubernetes.io/instance=prometheus\" -o jsonpath=\"{.items[0].metadata.name}\")\n  echo \"Visit http://127.0.0.1:9100 to use your application\"\n  kubectl port-forward --namespace monitoring $POD_NAME 9100\n1. Get your 'admin' user password by running:\n\n   kubectl get secret --namespace monitoring prometheus-grafana -o jsonpath=\"{.data.admin-password}\" | base64 --decode ; echo\n\n\n2. The Grafana server can be accessed via port 80 on the following DNS name from within your cluster:\n\n   prometheus-grafana.monitoring.svc.cluster.local\n\n   Get the Grafana URL to visit by running these commands in the same shell:\n     export POD_NAME=$(kubectl get pods --namespace monitoring -l \"app.kubernetes.io/name=grafana,app.kubernetes.io/instance=prometheus\" -o jsonpath=\"{.items[0].metadata.name}\")\n     kubectl --namespace monitoring port-forward $POD_NAME 3000\n\n3. Login with the password from step 1 and the username: admin\n#################################################################################\n######   WARNING: Persistence is disabled!!! You will lose your data when   #####\n######            the Grafana pod is terminated.                            #####\n#################################################################################\n\nkube-prometheus-stack has been installed. Check its status by running:\n  kubectl --namespace monitoring get pods -l \"release=prometheus\"\n\nVisit https://github.com/prometheus-operator/kube-prometheus for instructions on how to create \u0026 configure Alertmanager and Prometheus instances using the Operator.\n",
                "revision": 2,
                "values": "{\"global\":{\"evaluation_interval\":\"15s\",\"scrape_interval\":\"15s\"},\"log_level\":\"info\",\"podSecurityPolicy\":{\"enabled\":true},\"remote_read\":[{\"url\":\"http://remote-storage:1234/read\"}],\"remote_write\":[{\"url\":\"http://remote-storage:1234/write\"}],\"rule_files\":[\"alerts.yml\"],\"scrape_configs\":[{\"job_name\":\"node_exporter\",\"static_configs\":[{\"targets\":[\"localhost:9100\"]}]}],\"server\":{\"livenessProbe\":{\"enabled\":true,\"httpGet\":{\"path\":\"/-/healthy\",\"port\":9090}},\"persistentVolume\":{\"enabled\":false},\"readinessProbe\":{\"enabled\":true,\"httpGet\":{\"path\":\"/-/healthy\",\"port\":9090}},\"resources\":\"\\\"limits\\\":\\n  \\\"cpu\\\": \\\"200m\\\"\\n  \\\"memory\\\": \\\"50Mi\\\"\\n\\\"requests\\\":\\n  \\\"cpu\\\": \\\"100m\\\"\\n  \\\"memory\\\": \\\"30Mi\\\"\\n\"},\"service\":{\"annotations\":\"\\\"service.beta.kubernetes.io/aws-load-balancer-cross-zone-load-balancing-enabled\\\": \\\"true\\\"\\n\\\"service.beta.kubernetes.io/aws-load-balancer-type\\\": \\\"nlb\\\"\\n\",\"type\":\"LoadBalancer\"},\"storage\":{\"retention\":\"15d\"}}",
                "version": "45.7.1"
              }
            ],
            "name": "prometheus",
            "namespace": "monitoring",
            "pass_credentials": false,
            "postrender": [],
            "recreate_pods": false,
            "render_subchart_notes": true,
            "replace": false,
            "repository": "https://prometheus-community.github.io/helm-charts",
            "repository_ca_file": null,
            "repository_cert_file": null,
            "repository_key_file": null,
            "repository_password": null,
            "repository_username": null,
            "reset_values": false,
            "reuse_values": false,
            "set": [
              {
                "name": "podSecurityPolicy.enabled",
                "type": "",
                "value": "true"
              },
              {
                "name": "server.livenessProbe.enabled",
                "type": "",
                "value": "true"
              },
              {
                "name": "server.livenessProbe.httpGet.path",
                "type": "",
                "value": "/-/healthy"
              },
              {
                "name": "server.livenessProbe.httpGet.port",
                "type": "",
                "value": "9090"
              },
              {
                "name": "server.persistentVolume.enabled",
                "type": "",
                "value": "false"
              },
              {
                "name": "server.readinessProbe.enabled",
                "type": "",
                "value": "true"
              },
              {
                "name": "server.readinessProbe.httpGet.path",
                "type": "",
                "value": "/-/healthy"
              },
              {
                "name": "server.readinessProbe.httpGet.port",
                "type": "",
                "value": "9090"
              },
              {
                "name": "server.resources",
                "type": "",
                "value": "\"limits\":\n  \"cpu\": \"200m\"\n  \"memory\": \"50Mi\"\n\"requests\":\n  \"cpu\": \"100m\"\n  \"memory\": \"30Mi\"\n"
              },
              {
                "name": "service.annotations",
                "type": "",
                "value": "\"service.beta.kubernetes.io/aws-load-balancer-cross-zone-load-balancing-enabled\": \"true\"\n\"service.beta.kubernetes.io/aws-load-balancer-type\": \"nlb\"\n"
              },
              {
                "name": "service.type",
                "type": "",
                "value": "LoadBalancer"
              }
            ],
            "set_list": [],
            "set_sensitive": [],
            "skip_crds": false,
            "status": "deployed",
            "timeout": 300,
            "upgrade_install": null,
            "values": [
              "global:\n  scrape_interval: 15s\n  evaluation_interval: 15s\n\nscrape_configs:\n  - job_name: 'node_exporter'\n    static_configs:\n      - targets: ['localhost:9100']\n\nrule_files:\n  - \"alerts.yml\"\n\nstorage:\n  retention: 15d\n\nlog_level: info\n\nremote_write:\n  - url: \"http://remote-storage:1234/write\"\nremote_read:\n  - url: \"http://remote-storage:1234/read\"\n\n"
            ],
            "verify": false,
            "version": "45.7.1",
            "wait": true,
            "wait_for_jobs": false
          },
          "sensitive_attributes": [
            [
              {
                "type": "get_attr",
                "value": "repository_password"
              }
            ]
          ],
          "private": "eyJzY2hlbWFfdmVyc2lvbiI6IjEifQ==",
          "dependencies": [
            "kubernetes_namespace.monitoring"
          ]
        }
      ]
    },
    {
      "mode": "managed",
      "type": "kubernetes_namespace",
      "name": "monitoring",
      "provider": "provider[\"registry.terraform.io/hashicorp/kubernetes\"]",
      "instances": [
        {
          "schema_version": 0,
          "attributes": {
            "id": "monitoring",
            "metadata": [
              {
                "annotations": {},
                "generate_name": "",
                "generation": 0,
                "labels": {},
                "name": "monitoring",
                "resource_version": "30697",
                "uid": "0611c6c0-01d3-42e0-841b-bb0900f54280"
              }
            ],
            "timeouts": null,
            "wait_for_default_service_account": false
          },
          "sensitive_attributes": [],
          "private": "eyJlMmJmYjczMC1lY2FhLTExZTYtOGY4OC0zNDM2M2JjN2M0YzAiOnsiZGVsZXRlIjozMDAwMDAwMDAwMDB9fQ=="
        }
      ]
    }
  ],
  "check_results": null
}
